
Microsoft Visual Studio Solution File, Format Version 12.00
# Visual Studio Version 17
VisualStudioVersion = 17.4.33122.133
MinimumVisualStudioVersion = 10.0.40219.1
Project("{2150E333-8FDC-42A3-9474-1A3956D46DE8}") = "Data", "Data", "{71838782-6FAE-4B1F-B6D6-A3240D9043C3}"
EndProject
Project("{2150E333-8FDC-42A3-9474-1A3956D46DE8}") = "Services", "Services", "{DE9E359D-DFC0-4CDB-9137-84E2834E1358}"
EndProject
Project("{2150E333-8FDC-42A3-9474-1A3956D46DE8}") = "Shared", "Shared", "{CF3E6392-4180-4907-8CE4-116E68784E31}"
EndProject
Project("{2150E333-8FDC-42A3-9474-1A3956D46DE8}") = "Systems", "Systems", "{E34A19A1-2C4A-4E53-A270-09A184B4469F}"
EndProject
Project("{2150E333-8FDC-42A3-9474-1A3956D46DE8}") = "Api", "Api", "{A059D588-0306-4EEB-BB1F-25E8F6490F6B}"
EndProject
Project("{2150E333-8FDC-42A3-9474-1A3956D46DE8}") = "Identity", "Identity", "{EF4C2C9A-A597-4389-902F-67A297483CFB}"
EndProject
Project("{9A19103F-16F7-4668-BE54-9A1E7A4F7556}") = "DSRNetSchool.Common", "Shared\DSRNetSchool.Common\DSRNetSchool.Common.csproj", "{1BE0D9C3-F9C7-424B-9018-CC9484B0C997}"
EndProject
Project("{9A19103F-16F7-4668-BE54-9A1E7A4F7556}") = "DSRNetSchool.Api", "Systems\Api\DSRNetSchool.Api\DSRNetSchool.Api.csproj", "{156B3565-E0AF-4639-93CB-5E5BF340EA5B}"
EndProject
Project("{9A19103F-16F7-4668-BE54-9A1E7A4F7556}") = "DSRNetSchool.Api.Settings", "Systems\Api\DSRNetSchool.Api.Settings\DSRNetSchool.Api.Settings.csproj", "{B9903B4B-3CB1-494E-A8E3-76E3AD7B1536}"
EndProject
Project("{9A19103F-16F7-4668-BE54-9A1E7A4F7556}") = "DSRNetSchool.Settings", "Shared\DSRNetSchool.Settings\DSRNetSchool.Settings.csproj", "{F8771DE3-369E-421A-9944-C1AD2DFACC2F}"
EndProject
Project("{9A19103F-16F7-4668-BE54-9A1E7A4F7556}") = "DSRNetSchool.Services.Settings", "Services\DSRNetSchool.Services.Settings\DSRNetSchool.Services.Settings.csproj", "{9B09DCFF-09C2-4EC1-8F15-A68D0C7C4348}"
EndProject
Project("{E53339B2-1760-4266-BCC7-CA923CBCF16C}") = "docker-compose", "docker-compose.dcproj", "{7745FF06-4AEA-4269-BFAA-724DEF8D33C5}"
EndProject
Project("{9A19103F-16F7-4668-BE54-9A1E7A4F7556}") = "DSRNetSchool.Context", "Data\DSRNetSchool.Context\DSRNetSchool.Context.csproj", "{C7F215BD-7637-4023-B07D-72B827F2F857}"
EndProject
Project("{9A19103F-16F7-4668-BE54-9A1E7A4F7556}") = "DSRNetSchool.Context.Entities", "Data\DSRNetSchool.Context.Entities\DSRNetSchool.Context.Entities.csproj", "{CDF315AA-F3EE-40BE-B0FF-EA37BD98778E}"
EndProject
Project("{2150E333-8FDC-42A3-9474-1A3956D46DE8}") = "Migrations", "Migrations", "{1804AE4F-DDFC-4DE5-9E5E-1CEA20191BE5}"
EndProject
Project("{9A19103F-16F7-4668-BE54-9A1E7A4F7556}") = "DSRNetSchool.Context.MigrationsMSSQL", "Data\Migrations\DSRNetSchool.Context.MigrationsMSSQL\DSRNetSchool.Context.MigrationsMSSQL.csproj", "{3BE3B1B3-8BE0-438B-9FF2-B81D1466174F}"
EndProject
Project("{9A19103F-16F7-4668-BE54-9A1E7A4F7556}") = "DSRNetSchool.Context.MigrationsPostgreSQL", "Data\Migrations\DSRNetSchool.Context.MigrationsPostgreSQL\DSRNetSchool.Context.MigrationsPostgreSQL.csproj", "{037C16B4-B48A-45E1-98CF-E879E3B3F919}"
EndProject
Project("{9A19103F-16F7-4668-BE54-9A1E7A4F7556}") = "DSRNetSchool.Services.Books", "Services\DSRNetSchool.Services.Books\DSRNetSchool.Services.Books.csproj", "{C8A03C83-9AD3-45BC-8490-AD906BD0CA4D}"
EndProject
Project("{9A19103F-16F7-4668-BE54-9A1E7A4F7556}") = "DSRNetSchool.Identity", "Systems\Identity\DSRNetSchool.Identity\DSRNetSchool.Identity.csproj", "{D977EE71-4968-45F5-96D1-E8C74ACB9798}"
EndProject
Project("{9A19103F-16F7-4668-BE54-9A1E7A4F7556}") = "DSRNetSchool.Services.UserAccount", "Services\DSRNetSchool.Services.UserAccount\DSRNetSchool.Services.UserAccount.csproj", "{C08D4F3F-B05D-43E9-B443-965161D03C3E}"
EndProject
Project("{9A19103F-16F7-4668-BE54-9A1E7A4F7556}") = "DSRNetSchool.Services.Cache", "Services\DSRNetSchool.Services.Cache\DSRNetSchool.Services.Cache.csproj", "{71601362-561A-4015-ADB9-EBCB6145AE45}"
EndProject
Project("{9A19103F-16F7-4668-BE54-9A1E7A4F7556}") = "DSRNetSchool.Services.RabbitMq", "Services\DSRNetSchool.Services.RabbitMq\DSRNetSchool.Services.RabbitMq.csproj", "{9D6B6AB0-F3D4-415F-BE74-E61F3F113490}"
EndProject
Project("{9A19103F-16F7-4668-BE54-9A1E7A4F7556}") = "DSRNetSchool.Services.Actions", "Services\DSRNetSchool.Services.Actions\DSRNetSchool.Services.Actions.csproj", "{90CF5650-21FD-4D0B-97B5-56FB14355A84}"
EndProject
Project("{9A19103F-16F7-4668-BE54-9A1E7A4F7556}") = "DSRNetSchool.Services.EmailSender", "Services\DSRNetSchool.Services.EmailSender\DSRNetSchool.Services.EmailSender.csproj", "{E0A84D3A-B4B2-496F-AFF5-47145E138D91}"
EndProject
Project("{9A19103F-16F7-4668-BE54-9A1E7A4F7556}") = "DSRNetSchool.Consts", "Shared\DSRNetSchool.Consts\DSRNetSchool.Consts.csproj", "{F2DCA326-94A7-4136-9C14-819AB8BDE5E3}"
EndProject
Project("{2150E333-8FDC-42A3-9474-1A3956D46DE8}") = "Workers", "Workers", "{1647F984-0038-4B8C-BE2B-95575FF70028}"
EndProject
Project("{9A19103F-16F7-4668-BE54-9A1E7A4F7556}") = "DSRNetSchool.Worker", "Systems\Workers\DSRNetSchool.Worker\DSRNetSchool.Worker.csproj", "{54D07E7E-8B2B-4E5B-A8CA-CC71ADA1190B}"
EndProject
Project("{2150E333-8FDC-42A3-9474-1A3956D46DE8}") = "Web", "Web", "{C6C4C272-AF7C-44DF-ABA3-078C173AC262}"
EndProject
Project("{9A19103F-16F7-4668-BE54-9A1E7A4F7556}") = "DSRNetSchool.Web", "Systems\Web\DSRNetSchool.Web\DSRNetSchool.Web.csproj", "{8271B7DF-5E2D-4791-9DE9-8DDC06679CB0}"
EndProject
Project("{9A19103F-16F7-4668-BE54-9A1E7A4F7556}") = "DSRNetSchool.Services.Authors", "Services\DSRNetSchool.Services.Authors\DSRNetSchool.Services.Authors.csproj", "{16FDAD60-CC2B-456A-9F0D-41331EF96802}"
EndProject
Global
	GlobalSection(SolutionConfigurationPlatforms) = preSolution
		Debug|Any CPU = Debug|Any CPU
		Release|Any CPU = Release|Any CPU
	EndGlobalSection
	GlobalSection(ProjectConfigurationPlatforms) = postSolution
		{1BE0D9C3-F9C7-424B-9018-CC9484B0C997}.Debug|Any CPU.ActiveCfg = Debug|Any CPU
		{1BE0D9C3-F9C7-424B-9018-CC9484B0C997}.Debug|Any CPU.Build.0 = Debug|Any CPU
		{1BE0D9C3-F9C7-424B-9018-CC9484B0C997}.Release|Any CPU.ActiveCfg = Release|Any CPU
		{1BE0D9C3-F9C7-424B-9018-CC9484B0C997}.Release|Any CPU.Build.0 = Release|Any CPU
		{156B3565-E0AF-4639-93CB-5E5BF340EA5B}.Debug|Any CPU.ActiveCfg = Debug|Any CPU
		{156B3565-E0AF-4639-93CB-5E5BF340EA5B}.Debug|Any CPU.Build.0 = Debug|Any CPU
		{156B3565-E0AF-4639-93CB-5E5BF340EA5B}.Release|Any CPU.ActiveCfg = Release|Any CPU
		{156B3565-E0AF-4639-93CB-5E5BF340EA5B}.Release|Any CPU.Build.0 = Release|Any CPU
		{B9903B4B-3CB1-494E-A8E3-76E3AD7B1536}.Debug|Any CPU.ActiveCfg = Debug|Any CPU
		{B9903B4B-3CB1-494E-A8E3-76E3AD7B1536}.Debug|Any CPU.Build.0 = Debug|Any CPU
		{B9903B4B-3CB1-494E-A8E3-76E3AD7B1536}.Release|Any CPU.ActiveCfg = Release|Any CPU
		{B9903B4B-3CB1-494E-A8E3-76E3AD7B1536}.Release|Any CPU.Build.0 = Release|Any CPU
		{F8771DE3-369E-421A-9944-C1AD2DFACC2F}.Debug|Any CPU.ActiveCfg = Debug|Any CPU
		{F8771DE3-369E-421A-9944-C1AD2DFACC2F}.Debug|Any CPU.Build.0 = Debug|Any CPU
		{F8771DE3-369E-421A-9944-C1AD2DFACC2F}.Release|Any CPU.ActiveCfg = Release|Any CPU
		{F8771DE3-369E-421A-9944-C1AD2DFACC2F}.Release|Any CPU.Build.0 = Release|Any CPU
		{9B09DCFF-09C2-4EC1-8F15-A68D0C7C4348}.Debug|Any CPU.ActiveCfg = Debug|Any CPU
		{9B09DCFF-09C2-4EC1-8F15-A68D0C7C4348}.Debug|Any CPU.Build.0 = Debug|Any CPU
		{9B09DCFF-09C2-4EC1-8F15-A68D0C7C4348}.Release|Any CPU.ActiveCfg = Release|Any CPU
		{9B09DCFF-09C2-4EC1-8F15-A68D0C7C4348}.Release|Any CPU.Build.0 = Release|Any CPU
		{7745FF06-4AEA-4269-BFAA-724DEF8D33C5}.Debug|Any CPU.ActiveCfg = Debug|Any CPU
		{7745FF06-4AEA-4269-BFAA-724DEF8D33C5}.Debug|Any CPU.Build.0 = Debug|Any CPU
		{7745FF06-4AEA-4269-BFAA-724DEF8D33C5}.Release|Any CPU.ActiveCfg = Release|Any CPU
		{7745FF06-4AEA-4269-BFAA-724DEF8D33C5}.Release|Any CPU.Build.0 = Release|Any CPU
		{C7F215BD-7637-4023-B07D-72B827F2F857}.Debug|Any CPU.ActiveCfg = Debug|Any CPU
		{C7F215BD-7637-4023-B07D-72B827F2F857}.Debug|Any CPU.Build.0 = Debug|Any CPU
		{C7F215BD-7637-4023-B07D-72B827F2F857}.Release|Any CPU.ActiveCfg = Release|Any CPU
		{C7F215BD-7637-4023-B07D-72B827F2F857}.Release|Any CPU.Build.0 = Release|Any CPU
		{CDF315AA-F3EE-40BE-B0FF-EA37BD98778E}.Debug|Any CPU.ActiveCfg = Debug|Any CPU
		{CDF315AA-F3EE-40BE-B0FF-EA37BD98778E}.Debug|Any CPU.Build.0 = Debug|Any CPU
		{CDF315AA-F3EE-40BE-B0FF-EA37BD98778E}.Release|Any CPU.ActiveCfg = Release|Any CPU
		{CDF315AA-F3EE-40BE-B0FF-EA37BD98778E}.Release|Any CPU.Build.0 = Release|Any CPU
		{3BE3B1B3-8BE0-438B-9FF2-B81D1466174F}.Debug|Any CPU.ActiveCfg = Debug|Any CPU
		{3BE3B1B3-8BE0-438B-9FF2-B81D1466174F}.Debug|Any CPU.Build.0 = Debug|Any CPU
		{3BE3B1B3-8BE0-438B-9FF2-B81D1466174F}.Release|Any CPU.ActiveCfg = Release|Any CPU
		{3BE3B1B3-8BE0-438B-9FF2-B81D1466174F}.Release|Any CPU.Build.0 = Release|Any CPU
		{037C16B4-B48A-45E1-98CF-E879E3B3F919}.Debug|Any CPU.ActiveCfg = Debug|Any CPU
		{037C16B4-B48A-45E1-98CF-E879E3B3F919}.Debug|Any CPU.Build.0 = Debug|Any CPU
		{037C16B4-B48A-45E1-98CF-E879E3B3F919}.Release|Any CPU.ActiveCfg = Release|Any CPU
		{037C16B4-B48A-45E1-98CF-E879E3B3F919}.Release|Any CPU.Build.0 = Release|Any CPU
		{C8A03C83-9AD3-45BC-8490-AD906BD0CA4D}.Debug|Any CPU.ActiveCfg = Debug|Any CPU
		{C8A03C83-9AD3-45BC-8490-AD906BD0CA4D}.Debug|Any CPU.Build.0 = Debug|Any CPU
		{C8A03C83-9AD3-45BC-8490-AD906BD0CA4D}.Release|Any CPU.ActiveCfg = Release|Any CPU
		{C8A03C83-9AD3-45BC-8490-AD906BD0CA4D}.Release|Any CPU.Build.0 = Release|Any CPU
		{D977EE71-4968-45F5-96D1-E8C74ACB9798}.Debug|Any CPU.ActiveCfg = Debug|Any CPU
		{D977EE71-4968-45F5-96D1-E8C74ACB9798}.Debug|Any CPU.Build.0 = Debug|Any CPU
		{D977EE71-4968-45F5-96D1-E8C74ACB9798}.Release|Any CPU.ActiveCfg = Release|Any CPU
		{D977EE71-4968-45F5-96D1-E8C74ACB9798}.Release|Any CPU.Build.0 = Release|Any CPU
		{C08D4F3F-B05D-43E9-B443-965161D03C3E}.Debug|Any CPU.ActiveCfg = Debug|Any CPU
		{C08D4F3F-B05D-43E9-B443-965161D03C3E}.Debug|Any CPU.Build.0 = Debug|Any CPU
		{C08D4F3F-B05D-43E9-B443-965161D03C3E}.Release|Any CPU.ActiveCfg = Release|Any CPU
		{C08D4F3F-B05D-43E9-B443-965161D03C3E}.Release|Any CPU.Build.0 = Release|Any CPU
		{71601362-561A-4015-ADB9-EBCB6145AE45}.Debug|Any CPU.ActiveCfg = Debug|Any CPU
		{71601362-561A-4015-ADB9-EBCB6145AE45}.Debug|Any CPU.Build.0 = Debug|Any CPU
		{71601362-561A-4015-ADB9-EBCB6145AE45}.Release|Any CPU.ActiveCfg = Release|Any CPU
		{71601362-561A-4015-ADB9-EBCB6145AE45}.Release|Any CPU.Build.0 = Release|Any CPU
		{9D6B6AB0-F3D4-415F-BE74-E61F3F113490}.Debug|Any CPU.ActiveCfg = Debug|Any CPU
		{9D6B6AB0-F3D4-415F-BE74-E61F3F113490}.Debug|Any CPU.Build.0 = Debug|Any CPU
		{9D6B6AB0-F3D4-415F-BE74-E61F3F113490}.Release|Any CPU.ActiveCfg = Release|Any CPU
		{9D6B6AB0-F3D4-415F-BE74-E61F3F113490}.Release|Any CPU.Build.0 = Release|Any CPU
		{90CF5650-21FD-4D0B-97B5-56FB14355A84}.Debug|Any CPU.ActiveCfg = Debug|Any CPU
		{90CF5650-21FD-4D0B-97B5-56FB14355A84}.Debug|Any CPU.Build.0 = Debug|Any CPU
		{90CF5650-21FD-4D0B-97B5-56FB14355A84}.Release|Any CPU.ActiveCfg = Release|Any CPU
		{90CF5650-21FD-4D0B-97B5-56FB14355A84}.Release|Any CPU.Build.0 = Release|Any CPU
		{E0A84D3A-B4B2-496F-AFF5-47145E138D91}.Debug|Any CPU.ActiveCfg = Debug|Any CPU
		{E0A84D3A-B4B2-496F-AFF5-47145E138D91}.Debug|Any CPU.Build.0 = Debug|Any CPU
		{E0A84D3A-B4B2-496F-AFF5-47145E138D91}.Release|Any CPU.ActiveCfg = Release|Any CPU
		{E0A84D3A-B4B2-496F-AFF5-47145E138D91}.Release|Any CPU.Build.0 = Release|Any CPU
		{F2DCA326-94A7-4136-9C14-819AB8BDE5E3}.Debug|Any CPU.ActiveCfg = Debug|Any CPU
		{F2DCA326-94A7-4136-9C14-819AB8BDE5E3}.Debug|Any CPU.Build.0 = Debug|Any CPU
		{F2DCA326-94A7-4136-9C14-819AB8BDE5E3}.Release|Any CPU.ActiveCfg = Release|Any CPU
		{F2DCA326-94A7-4136-9C14-819AB8BDE5E3}.Release|Any CPU.Build.0 = Release|Any CPU
		{54D07E7E-8B2B-4E5B-A8CA-CC71ADA1190B}.Debug|Any CPU.ActiveCfg = Debug|Any CPU
		{54D07E7E-8B2B-4E5B-A8CA-CC71ADA1190B}.Debug|Any CPU.Build.0 = Debug|Any CPU
		{54D07E7E-8B2B-4E5B-A8CA-CC71ADA1190B}.Release|Any CPU.ActiveCfg = Release|Any CPU
		{54D07E7E-8B2B-4E5B-A8CA-CC71ADA1190B}.Release|Any CPU.Build.0 = Release|Any CPU
		{8271B7DF-5E2D-4791-9DE9-8DDC06679CB0}.Debug|Any CPU.ActiveCfg = Debug|Any CPU
		{8271B7DF-5E2D-4791-9DE9-8DDC06679CB0}.Debug|Any CPU.Build.0 = Debug|Any CPU
		{8271B7DF-5E2D-4791-9DE9-8DDC06679CB0}.Release|Any CPU.ActiveCfg = Release|Any CPU
		{8271B7DF-5E2D-4791-9DE9-8DDC06679CB0}.Release|Any CPU.Build.0 = Release|Any CPU
		{16FDAD60-CC2B-456A-9F0D-41331EF96802}.Debug|Any CPU.ActiveCfg = Debug|Any CPU
		{16FDAD60-CC2B-456A-9F0D-41331EF96802}.Debug|Any CPU.Build.0 = Debug|Any CPU
		{16FDAD60-CC2B-456A-9F0D-41331EF96802}.Release|Any CPU.ActiveCfg = Release|Any CPU
		{16FDAD60-CC2B-456A-9F0D-41331EF96802}.Release|Any CPU.Build.0 = Release|Any CPU
	EndGlobalSection
	GlobalSection(SolutionProperties) = preSolution
		HideSolutionNode = FALSE
	EndGlobalSection
	GlobalSection(NestedProjects) = preSolution
		{A059D588-0306-4EEB-BB1F-25E8F6490F6B} = {E34A19A1-2C4A-4E53-A270-09A184B4469F}
		{EF4C2C9A-A597-4389-902F-67A297483CFB} = {E34A19A1-2C4A-4E53-A270-09A184B4469F}
		{1BE0D9C3-F9C7-424B-9018-CC9484B0C997} = {CF3E6392-4180-4907-8CE4-116E68784E31}
		{156B3565-E0AF-4639-93CB-5E5BF340EA5B} = {A059D588-0306-4EEB-BB1F-25E8F6490F6B}
		{B9903B4B-3CB1-494E-A8E3-76E3AD7B1536} = {A059D588-0306-4EEB-BB1F-25E8F6490F6B}
		{F8771DE3-369E-421A-9944-C1AD2DFACC2F} = {CF3E6392-4180-4907-8CE4-116E68784E31}
		{9B09DCFF-09C2-4EC1-8F15-A68D0C7C4348} = {DE9E359D-DFC0-4CDB-9137-84E2834E1358}
		{C7F215BD-7637-4023-B07D-72B827F2F857} = {71838782-6FAE-4B1F-B6D6-A3240D9043C3}
		{CDF315AA-F3EE-40BE-B0FF-EA37BD98778E} = {71838782-6FAE-4B1F-B6D6-A3240D9043C3}
		{1804AE4F-DDFC-4DE5-9E5E-1CEA20191BE5} = {71838782-6FAE-4B1F-B6D6-A3240D9043C3}
		{3BE3B1B3-8BE0-438B-9FF2-B81D1466174F} = {1804AE4F-DDFC-4DE5-9E5E-1CEA20191BE5}
		{037C16B4-B48A-45E1-98CF-E879E3B3F919} = {1804AE4F-DDFC-4DE5-9E5E-1CEA20191BE5}
		{C8A03C83-9AD3-45BC-8490-AD906BD0CA4D} = {DE9E359D-DFC0-4CDB-9137-84E2834E1358}
		{D977EE71-4968-45F5-96D1-E8C74ACB9798} = {EF4C2C9A-A597-4389-902F-67A297483CFB}
		{C08D4F3F-B05D-43E9-B443-965161D03C3E} = {DE9E359D-DFC0-4CDB-9137-84E2834E1358}
		{71601362-561A-4015-ADB9-EBCB6145AE45} = {DE9E359D-DFC0-4CDB-9137-84E2834E1358}
		{9D6B6AB0-F3D4-415F-BE74-E61F3F113490} = {DE9E359D-DFC0-4CDB-9137-84E2834E1358}
		{90CF5650-21FD-4D0B-97B5-56FB14355A84} = {DE9E359D-DFC0-4CDB-9137-84E2834E1358}
		{E0A84D3A-B4B2-496F-AFF5-47145E138D91} = {DE9E359D-DFC0-4CDB-9137-84E2834E1358}
		{F2DCA326-94A7-4136-9C14-819AB8BDE5E3} = {CF3E6392-4180-4907-8CE4-116E68784E31}
		{1647F984-0038-4B8C-BE2B-95575FF70028} = {E34A19A1-2C4A-4E53-A270-09A184B4469F}
		{54D07E7E-8B2B-4E5B-A8CA-CC71ADA1190B} = {1647F984-0038-4B8C-BE2B-95575FF70028}
		{C6C4C272-AF7C-44DF-ABA3-078C173AC262} = {E34A19A1-2C4A-4E53-A270-09A184B4469F}
		{8271B7DF-5E2D-4791-9DE9-8DDC06679CB0} = {C6C4C272-AF7C-44DF-ABA3-078C173AC262}
		{16FDAD60-CC2B-456A-9F0D-41331EF96802} = {DE9E359D-DFC0-4CDB-9137-84E2834E1358}
	EndGlobalSection
	GlobalSection(ExtensibilityGlobals) = postSolution
		SolutionGuid = {7933EB46-D946-4CEA-AFC0-BB0AE9E3481B}
	EndGlobalSection
EndGlobal
